
Microsoft Visual Studio Solution File, Format Version 12.00
# Visual Studio 14
VisualStudioVersion = 14.0.24720.0
MinimumVisualStudioVersion = 10.0.40219.1
Project("{FAE04EC0-301F-11D3-BF4B-00C04F79EFBC}") = "main", "main\main.csproj", "{5A609A6B-6B68-46F4-8A2C-C92316626FCD}"
EndProject
Project("{FAE04EC0-301F-11D3-BF4B-00C04F79EFBC}") = "DuckFarm", "DuckFarm\DuckFarm\DuckFarm.csproj", "{BE6300D1-AD74-4A17-8B11-A99D4F502E62}"
EndProject
Project("{FAE04EC0-301F-11D3-BF4B-00C04F79EFBC}") = "TurkeyToDuck", "TurkeyToDuck\TurkeyToDuck\TurkeyToDuck.csproj", "{B819E1E6-CA47-4210-B0C7-EC0D8759FD07}"
EndProject
Project("{FAE04EC0-301F-11D3-BF4B-00C04F79EFBC}") = "DuckFarmLibrary", "DuckFarmLibrary\DuckFarmLibrary\DuckFarmLibrary.csproj", "{7CE224FE-DAE3-465B-8307-D403CF3FE39F}"
EndProject
Project("{FAE04EC0-301F-11D3-BF4B-00C04F79EFBC}") = "Restaurant", "Restaurant\Restaurant\Restaurant.csproj", "{117D7F2B-1CEB-4F85-BBE8-732C103E6061}"
EndProject
Project("{FAE04EC0-301F-11D3-BF4B-00C04F79EFBC}") = "Decorator", "Decorator\Decorator\Decorator.csproj", "{2767EAAB-79B9-4704-A978-1CCDBC3D96C2}"
EndProject
Project("{FAE04EC0-301F-11D3-BF4B-00C04F79EFBC}") = "Singleton", "Singleton\Singleton\Singleton.csproj", "{CC5B6FCE-60CC-486E-ABCC-73850CD1BDC3}"
EndProject
Global
	GlobalSection(SolutionConfigurationPlatforms) = preSolution
		Debug|Any CPU = Debug|Any CPU
		Release|Any CPU = Release|Any CPU
	EndGlobalSection
	GlobalSection(ProjectConfigurationPlatforms) = postSolution
		{5A609A6B-6B68-46F4-8A2C-C92316626FCD}.Debug|Any CPU.ActiveCfg = Debug|Any CPU
		{5A609A6B-6B68-46F4-8A2C-C92316626FCD}.Debug|Any CPU.Build.0 = Debug|Any CPU
		{5A609A6B-6B68-46F4-8A2C-C92316626FCD}.Release|Any CPU.ActiveCfg = Release|Any CPU
		{5A609A6B-6B68-46F4-8A2C-C92316626FCD}.Release|Any CPU.Build.0 = Release|Any CPU
		{BE6300D1-AD74-4A17-8B11-A99D4F502E62}.Debug|Any CPU.ActiveCfg = Debug|Any CPU
		{BE6300D1-AD74-4A17-8B11-A99D4F502E62}.Debug|Any CPU.Build.0 = Debug|Any CPU
		{BE6300D1-AD74-4A17-8B11-A99D4F502E62}.Release|Any CPU.ActiveCfg = Release|Any CPU
		{BE6300D1-AD74-4A17-8B11-A99D4F502E62}.Release|Any CPU.Build.0 = Release|Any CPU
		{B819E1E6-CA47-4210-B0C7-EC0D8759FD07}.Debug|Any CPU.ActiveCfg = Debug|Any CPU
		{B819E1E6-CA47-4210-B0C7-EC0D8759FD07}.Debug|Any CPU.Build.0 = Debug|Any CPU
		{B819E1E6-CA47-4210-B0C7-EC0D8759FD07}.Release|Any CPU.ActiveCfg = Release|Any CPU
		{B819E1E6-CA47-4210-B0C7-EC0D8759FD07}.Release|Any CPU.Build.0 = Release|Any CPU
		{7CE224FE-DAE3-465B-8307-D403CF3FE39F}.Debug|Any CPU.ActiveCfg = Debug|Any CPU
		{7CE224FE-DAE3-465B-8307-D403CF3FE39F}.Debug|Any CPU.Build.0 = Debug|Any CPU
		{7CE224FE-DAE3-465B-8307-D403CF3FE39F}.Release|Any CPU.ActiveCfg = Release|Any CPU
		{7CE224FE-DAE3-465B-8307-D403CF3FE39F}.Release|Any CPU.Build.0 = Release|Any CPU
		{117D7F2B-1CEB-4F85-BBE8-732C103E6061}.Debug|Any CPU.ActiveCfg = Debug|Any CPU
		{117D7F2B-1CEB-4F85-BBE8-732C103E6061}.Debug|Any CPU.Build.0 = Debug|Any CPU
		{117D7F2B-1CEB-4F85-BBE8-732C103E6061}.Release|Any CPU.ActiveCfg = Release|Any CPU
		{117D7F2B-1CEB-4F85-BBE8-732C103E6061}.Release|Any CPU.Build.0 = Release|Any CPU
		{2767EAAB-79B9-4704-A978-1CCDBC3D96C2}.Debug|Any CPU.ActiveCfg = Debug|Any CPU
		{2767EAAB-79B9-4704-A978-1CCDBC3D96C2}.Debug|Any CPU.Build.0 = Debug|Any CPU
		{2767EAAB-79B9-4704-A978-1CCDBC3D96C2}.Release|Any CPU.ActiveCfg = Release|Any CPU
		{2767EAAB-79B9-4704-A978-1CCDBC3D96C2}.Release|Any CPU.Build.0 = Release|Any CPU
		{CC5B6FCE-60CC-486E-ABCC-73850CD1BDC3}.Debug|Any CPU.ActiveCfg = Debug|Any CPU
		{CC5B6FCE-60CC-486E-ABCC-73850CD1BDC3}.Debug|Any CPU.Build.0 = Debug|Any CPU
		{CC5B6FCE-60CC-486E-ABCC-73850CD1BDC3}.Release|Any CPU.ActiveCfg = Release|Any CPU
		{CC5B6FCE-60CC-486E-ABCC-73850CD1BDC3}.Release|Any CPU.Build.0 = Release|Any CPU
	EndGlobalSection
	GlobalSection(SolutionProperties) = preSolution
		HideSolutionNode = FALSE
	EndGlobalSection
EndGlobal
